
Microsoft Visual Studio Solution File, Format Version 12.00
# Visual Studio Version 17
VisualStudioVersion = 17.0.31903.59
MinimumVisualStudioVersion = 10.0.40219.1
Project("{2150E333-8FDC-42A3-9474-1A3956D46DE8}") = "src", "src", "{700FCBED-CCE3-4862-91F9-A9882C939DAC}"
EndProject
Project("{FAE04EC0-301F-11D3-BF4B-00C04F79EFBC}") = "ClinicManagement.Api", "src\ClinicManagement.Api\ClinicManagement.Api.csproj", "{067B7D48-0355-4D56-A4AA-BC18B516265C}"
EndProject
Global
	GlobalSection(SolutionConfigurationPlatforms) = preSolution
		Debug|Any CPU = Debug|Any CPU
		Release|Any CPU = Release|Any CPU
	EndGlobalSection
	GlobalSection(SolutionProperties) = preSolution
		HideSolutionNode = FALSE
	EndGlobalSection
	GlobalSection(ProjectConfigurationPlatforms) = postSolution
		{067B7D48-0355-4D56-A4AA-BC18B516265C}.Debug|Any CPU.ActiveCfg = Debug|Any CPU
		{067B7D48-0355-4D56-A4AA-BC18B516265C}.Debug|Any CPU.Build.0 = Debug|Any CPU
		{067B7D48-0355-4D56-A4AA-BC18B516265C}.Release|Any CPU.ActiveCfg = Release|Any CPU
		{067B7D48-0355-4D56-A4AA-BC18B516265C}.Release|Any CPU.Build.0 = Release|Any CPU
	EndGlobalSection
	GlobalSection(NestedProjects) = preSolution
		{067B7D48-0355-4D56-A4AA-BC18B516265C} = {700FCBED-CCE3-4862-91F9-A9882C939DAC}
	EndGlobalSection
EndGlobal
